
Microsoft Visual Studio Solution File, Format Version 12.00
# Visual Studio Version 17
VisualStudioVersion = 17.9.34714.143
MinimumVisualStudioVersion = 10.0.40219.1
Project("{8BC9CEB8-8B4A-11D0-8D11-00A0C91BC942}") = "sandbox", "sandbox\sandbox.vcxproj", "{A880B16B-B130-4FE4-9488-41217933B2F3}"
EndProject
Project("{8BC9CEB8-8B4A-11D0-8D11-00A0C91BC942}") = "tehtava 1", "tehtava 1\tehtava 1.vcxproj", "{F43DAC7D-36C4-4D85-A6D8-C30C58B8A8AB}"
EndProject
Project("{8BC9CEB8-8B4A-11D0-8D11-00A0C91BC942}") = "tehtava 2", "tehtava 2\tehtava 2.vcxproj", "{4A61585E-29CF-4E56-AFCB-63C73FF7488C}"
EndProject
Project("{8BC9CEB8-8B4A-11D0-8D11-00A0C91BC942}") = "tehtava 3", "tehtava 3\tehtava 3.vcxproj", "{8022DC14-2489-47FB-814B-79D01FF13474}"
EndProject
Project("{8BC9CEB8-8B4A-11D0-8D11-00A0C91BC942}") = "tehtava 4", "tehtava4\tehtava4.vcxproj", "{645A9E59-F10A-4126-A331-4A61259522F1}"
EndProject
Project("{8BC9CEB8-8B4A-11D0-8D11-00A0C91BC942}") = "tehtava 5", "tehtava 5\tehtava 5.vcxproj", "{EC9A6E19-A521-4F84-B753-30E8BF02D257}"
EndProject
Project("{8BC9CEB8-8B4A-11D0-8D11-00A0C91BC942}") = "tehtava 6", "tehtava 6\tehtava 6.vcxproj", "{653EF399-ED9B-48E2-87AB-5FDE389D0A33}"
EndProject
Project("{8BC9CEB8-8B4A-11D0-8D11-00A0C91BC942}") = "tehtava 7", "tehtava 7\tehtava 7.vcxproj", "{FFD82FCB-85EB-4024-A51C-ED7A8D5EDAAF}"
EndProject
Project("{8BC9CEB8-8B4A-11D0-8D11-00A0C91BC942}") = "tehtava 8", "tehtava 8\tehtava 8.vcxproj", "{35E52042-BF8F-4142-9E4A-5CF7DF559E40}"
EndProject
Project("{8BC9CEB8-8B4A-11D0-8D11-00A0C91BC942}") = "tehtava 9", "tehtava 9\tehtava 9.vcxproj", "{FB4A7F00-30C8-4F4D-9CBE-8F23FC587142}"
EndProject
Project("{8BC9CEB8-8B4A-11D0-8D11-00A0C91BC942}") = "tehtava 10", "tehtava 10\tehtava 10.vcxproj", "{CCDBE58E-E6D6-443B-8E72-6B720C949607}"
EndProject
Project("{8BC9CEB8-8B4A-11D0-8D11-00A0C91BC942}") = "tehtava 11", "tehtava 11\tehtava 11.vcxproj", "{D2A4BC68-BE5F-4FA6-87FF-5F1EB9B07CCE}"
EndProject
Project("{8BC9CEB8-8B4A-11D0-8D11-00A0C91BC942}") = "tehtava 12", "tehtava 12\tehtava 12.vcxproj", "{5945BA01-DEB5-4575-99CB-4346FC23700F}"
EndProject
Project("{8BC9CEB8-8B4A-11D0-8D11-00A0C91BC942}") = "tehtava 13", "tehtava 13\tehtava 13.vcxproj", "{D2B6022E-A122-4ABB-80A1-C31BEFF7C6CB}"
EndProject
Global
	GlobalSection(SolutionConfigurationPlatforms) = preSolution
		Debug|x64 = Debug|x64
		Debug|x86 = Debug|x86
		Release|x64 = Release|x64
		Release|x86 = Release|x86
	EndGlobalSection
	GlobalSection(ProjectConfigurationPlatforms) = postSolution
		{A880B16B-B130-4FE4-9488-41217933B2F3}.Debug|x64.ActiveCfg = Debug|x64
		{A880B16B-B130-4FE4-9488-41217933B2F3}.Debug|x64.Build.0 = Debug|x64
		{A880B16B-B130-4FE4-9488-41217933B2F3}.Debug|x86.ActiveCfg = Debug|Win32
		{A880B16B-B130-4FE4-9488-41217933B2F3}.Debug|x86.Build.0 = Debug|Win32
		{A880B16B-B130-4FE4-9488-41217933B2F3}.Release|x64.ActiveCfg = Release|x64
		{A880B16B-B130-4FE4-9488-41217933B2F3}.Release|x64.Build.0 = Release|x64
		{A880B16B-B130-4FE4-9488-41217933B2F3}.Release|x86.ActiveCfg = Release|Win32
		{A880B16B-B130-4FE4-9488-41217933B2F3}.Release|x86.Build.0 = Release|Win32
		{F43DAC7D-36C4-4D85-A6D8-C30C58B8A8AB}.Debug|x64.ActiveCfg = Debug|x64
		{F43DAC7D-36C4-4D85-A6D8-C30C58B8A8AB}.Debug|x64.Build.0 = Debug|x64
		{F43DAC7D-36C4-4D85-A6D8-C30C58B8A8AB}.Debug|x86.ActiveCfg = Debug|Win32
		{F43DAC7D-36C4-4D85-A6D8-C30C58B8A8AB}.Debug|x86.Build.0 = Debug|Win32
		{F43DAC7D-36C4-4D85-A6D8-C30C58B8A8AB}.Release|x64.ActiveCfg = Release|x64
		{F43DAC7D-36C4-4D85-A6D8-C30C58B8A8AB}.Release|x64.Build.0 = Release|x64
		{F43DAC7D-36C4-4D85-A6D8-C30C58B8A8AB}.Release|x86.ActiveCfg = Release|Win32
		{F43DAC7D-36C4-4D85-A6D8-C30C58B8A8AB}.Release|x86.Build.0 = Release|Win32
		{4A61585E-29CF-4E56-AFCB-63C73FF7488C}.Debug|x64.ActiveCfg = Debug|x64
		{4A61585E-29CF-4E56-AFCB-63C73FF7488C}.Debug|x64.Build.0 = Debug|x64
		{4A61585E-29CF-4E56-AFCB-63C73FF7488C}.Debug|x86.ActiveCfg = Debug|Win32
		{4A61585E-29CF-4E56-AFCB-63C73FF7488C}.Debug|x86.Build.0 = Debug|Win32
		{4A61585E-29CF-4E56-AFCB-63C73FF7488C}.Release|x64.ActiveCfg = Release|x64
		{4A61585E-29CF-4E56-AFCB-63C73FF7488C}.Release|x64.Build.0 = Release|x64
		{4A61585E-29CF-4E56-AFCB-63C73FF7488C}.Release|x86.ActiveCfg = Release|Win32
		{4A61585E-29CF-4E56-AFCB-63C73FF7488C}.Release|x86.Build.0 = Release|Win32
		{8022DC14-2489-47FB-814B-79D01FF13474}.Debug|x64.ActiveCfg = Debug|x64
		{8022DC14-2489-47FB-814B-79D01FF13474}.Debug|x64.Build.0 = Debug|x64
		{8022DC14-2489-47FB-814B-79D01FF13474}.Debug|x86.ActiveCfg = Debug|Win32
		{8022DC14-2489-47FB-814B-79D01FF13474}.Debug|x86.Build.0 = Debug|Win32
		{8022DC14-2489-47FB-814B-79D01FF13474}.Release|x64.ActiveCfg = Release|x64
		{8022DC14-2489-47FB-814B-79D01FF13474}.Release|x64.Build.0 = Release|x64
		{8022DC14-2489-47FB-814B-79D01FF13474}.Release|x86.ActiveCfg = Release|Win32
		{8022DC14-2489-47FB-814B-79D01FF13474}.Release|x86.Build.0 = Release|Win32
		{645A9E59-F10A-4126-A331-4A61259522F1}.Debug|x64.ActiveCfg = Debug|x64
		{645A9E59-F10A-4126-A331-4A61259522F1}.Debug|x64.Build.0 = Debug|x64
		{645A9E59-F10A-4126-A331-4A61259522F1}.Debug|x86.ActiveCfg = Debug|Win32
		{645A9E59-F10A-4126-A331-4A61259522F1}.Debug|x86.Build.0 = Debug|Win32
		{645A9E59-F10A-4126-A331-4A61259522F1}.Release|x64.ActiveCfg = Release|x64
		{645A9E59-F10A-4126-A331-4A61259522F1}.Release|x64.Build.0 = Release|x64
		{645A9E59-F10A-4126-A331-4A61259522F1}.Release|x86.ActiveCfg = Release|Win32
		{645A9E59-F10A-4126-A331-4A61259522F1}.Release|x86.Build.0 = Release|Win32
		{EC9A6E19-A521-4F84-B753-30E8BF02D257}.Debug|x64.ActiveCfg = Debug|x64
		{EC9A6E19-A521-4F84-B753-30E8BF02D257}.Debug|x64.Build.0 = Debug|x64
		{EC9A6E19-A521-4F84-B753-30E8BF02D257}.Debug|x86.ActiveCfg = Debug|Win32
		{EC9A6E19-A521-4F84-B753-30E8BF02D257}.Debug|x86.Build.0 = Debug|Win32
		{EC9A6E19-A521-4F84-B753-30E8BF02D257}.Release|x64.ActiveCfg = Release|x64
		{EC9A6E19-A521-4F84-B753-30E8BF02D257}.Release|x64.Build.0 = Release|x64
		{EC9A6E19-A521-4F84-B753-30E8BF02D257}.Release|x86.ActiveCfg = Release|Win32
		{EC9A6E19-A521-4F84-B753-30E8BF02D257}.Release|x86.Build.0 = Release|Win32
		{653EF399-ED9B-48E2-87AB-5FDE389D0A33}.Debug|x64.ActiveCfg = Debug|x64
		{653EF399-ED9B-48E2-87AB-5FDE389D0A33}.Debug|x64.Build.0 = Debug|x64
		{653EF399-ED9B-48E2-87AB-5FDE389D0A33}.Debug|x86.ActiveCfg = Debug|Win32
		{653EF399-ED9B-48E2-87AB-5FDE389D0A33}.Debug|x86.Build.0 = Debug|Win32
		{653EF399-ED9B-48E2-87AB-5FDE389D0A33}.Release|x64.ActiveCfg = Release|x64
		{653EF399-ED9B-48E2-87AB-5FDE389D0A33}.Release|x64.Build.0 = Release|x64
		{653EF399-ED9B-48E2-87AB-5FDE389D0A33}.Release|x86.ActiveCfg = Release|Win32
		{653EF399-ED9B-48E2-87AB-5FDE389D0A33}.Release|x86.Build.0 = Release|Win32
		{FFD82FCB-85EB-4024-A51C-ED7A8D5EDAAF}.Debug|x64.ActiveCfg = Debug|x64
		{FFD82FCB-85EB-4024-A51C-ED7A8D5EDAAF}.Debug|x64.Build.0 = Debug|x64
		{FFD82FCB-85EB-4024-A51C-ED7A8D5EDAAF}.Debug|x86.ActiveCfg = Debug|Win32
		{FFD82FCB-85EB-4024-A51C-ED7A8D5EDAAF}.Debug|x86.Build.0 = Debug|Win32
		{FFD82FCB-85EB-4024-A51C-ED7A8D5EDAAF}.Release|x64.ActiveCfg = Release|x64
		{FFD82FCB-85EB-4024-A51C-ED7A8D5EDAAF}.Release|x64.Build.0 = Release|x64
		{FFD82FCB-85EB-4024-A51C-ED7A8D5EDAAF}.Release|x86.ActiveCfg = Release|Win32
		{FFD82FCB-85EB-4024-A51C-ED7A8D5EDAAF}.Release|x86.Build.0 = Release|Win32
		{35E52042-BF8F-4142-9E4A-5CF7DF559E40}.Debug|x64.ActiveCfg = Debug|x64
		{35E52042-BF8F-4142-9E4A-5CF7DF559E40}.Debug|x64.Build.0 = Debug|x64
		{35E52042-BF8F-4142-9E4A-5CF7DF559E40}.Debug|x86.ActiveCfg = Debug|Win32
		{35E52042-BF8F-4142-9E4A-5CF7DF559E40}.Debug|x86.Build.0 = Debug|Win32
		{35E52042-BF8F-4142-9E4A-5CF7DF559E40}.Release|x64.ActiveCfg = Release|x64
		{35E52042-BF8F-4142-9E4A-5CF7DF559E40}.Release|x64.Build.0 = Release|x64
		{35E52042-BF8F-4142-9E4A-5CF7DF559E40}.Release|x86.ActiveCfg = Release|Win32
		{35E52042-BF8F-4142-9E4A-5CF7DF559E40}.Release|x86.Build.0 = Release|Win32
		{FB4A7F00-30C8-4F4D-9CBE-8F23FC587142}.Debug|x64.ActiveCfg = Debug|x64
		{FB4A7F00-30C8-4F4D-9CBE-8F23FC587142}.Debug|x64.Build.0 = Debug|x64
		{FB4A7F00-30C8-4F4D-9CBE-8F23FC587142}.Debug|x86.ActiveCfg = Debug|Win32
		{FB4A7F00-30C8-4F4D-9CBE-8F23FC587142}.Debug|x86.Build.0 = Debug|Win32
		{FB4A7F00-30C8-4F4D-9CBE-8F23FC587142}.Release|x64.ActiveCfg = Release|x64
		{FB4A7F00-30C8-4F4D-9CBE-8F23FC587142}.Release|x64.Build.0 = Release|x64
		{FB4A7F00-30C8-4F4D-9CBE-8F23FC587142}.Release|x86.ActiveCfg = Release|Win32
		{FB4A7F00-30C8-4F4D-9CBE-8F23FC587142}.Release|x86.Build.0 = Release|Win32
		{CCDBE58E-E6D6-443B-8E72-6B720C949607}.Debug|x64.ActiveCfg = Debug|x64
		{CCDBE58E-E6D6-443B-8E72-6B720C949607}.Debug|x64.Build.0 = Debug|x64
		{CCDBE58E-E6D6-443B-8E72-6B720C949607}.Debug|x86.ActiveCfg = Debug|Win32
		{CCDBE58E-E6D6-443B-8E72-6B720C949607}.Debug|x86.Build.0 = Debug|Win32
		{CCDBE58E-E6D6-443B-8E72-6B720C949607}.Release|x64.ActiveCfg = Release|x64
		{CCDBE58E-E6D6-443B-8E72-6B720C949607}.Release|x64.Build.0 = Release|x64
		{CCDBE58E-E6D6-443B-8E72-6B720C949607}.Release|x86.ActiveCfg = Release|Win32
		{CCDBE58E-E6D6-443B-8E72-6B720C949607}.Release|x86.Build.0 = Release|Win32
		{D2A4BC68-BE5F-4FA6-87FF-5F1EB9B07CCE}.Debug|x64.ActiveCfg = Debug|x64
		{D2A4BC68-BE5F-4FA6-87FF-5F1EB9B07CCE}.Debug|x64.Build.0 = Debug|x64
		{D2A4BC68-BE5F-4FA6-87FF-5F1EB9B07CCE}.Debug|x86.ActiveCfg = Debug|Win32
		{D2A4BC68-BE5F-4FA6-87FF-5F1EB9B07CCE}.Debug|x86.Build.0 = Debug|Win32
		{D2A4BC68-BE5F-4FA6-87FF-5F1EB9B07CCE}.Release|x64.ActiveCfg = Release|x64
		{D2A4BC68-BE5F-4FA6-87FF-5F1EB9B07CCE}.Release|x64.Build.0 = Release|x64
		{D2A4BC68-BE5F-4FA6-87FF-5F1EB9B07CCE}.Release|x86.ActiveCfg = Release|Win32
		{D2A4BC68-BE5F-4FA6-87FF-5F1EB9B07CCE}.Release|x86.Build.0 = Release|Win32
		{5945BA01-DEB5-4575-99CB-4346FC23700F}.Debug|x64.ActiveCfg = Debug|x64
		{5945BA01-DEB5-4575-99CB-4346FC23700F}.Debug|x64.Build.0 = Debug|x64
		{5945BA01-DEB5-4575-99CB-4346FC23700F}.Debug|x86.ActiveCfg = Debug|Win32
		{5945BA01-DEB5-4575-99CB-4346FC23700F}.Debug|x86.Build.0 = Debug|Win32
		{5945BA01-DEB5-4575-99CB-4346FC23700F}.Release|x64.ActiveCfg = Release|x64
		{5945BA01-DEB5-4575-99CB-4346FC23700F}.Release|x64.Build.0 = Release|x64
		{5945BA01-DEB5-4575-99CB-4346FC23700F}.Release|x86.ActiveCfg = Release|Win32
		{5945BA01-DEB5-4575-99CB-4346FC23700F}.Release|x86.Build.0 = Release|Win32
		{D2B6022E-A122-4ABB-80A1-C31BEFF7C6CB}.Debug|x64.ActiveCfg = Debug|x64
		{D2B6022E-A122-4ABB-80A1-C31BEFF7C6CB}.Debug|x64.Build.0 = Debug|x64
		{D2B6022E-A122-4ABB-80A1-C31BEFF7C6CB}.Debug|x86.ActiveCfg = Debug|Win32
		{D2B6022E-A122-4ABB-80A1-C31BEFF7C6CB}.Debug|x86.Build.0 = Debug|Win32
		{D2B6022E-A122-4ABB-80A1-C31BEFF7C6CB}.Release|x64.ActiveCfg = Release|x64
		{D2B6022E-A122-4ABB-80A1-C31BEFF7C6CB}.Release|x64.Build.0 = Release|x64
		{D2B6022E-A122-4ABB-80A1-C31BEFF7C6CB}.Release|x86.ActiveCfg = Release|Win32
		{D2B6022E-A122-4ABB-80A1-C31BEFF7C6CB}.Release|x86.Build.0 = Release|Win32
	EndGlobalSection
	GlobalSection(SolutionProperties) = preSolution
		HideSolutionNode = FALSE
	EndGlobalSection
	GlobalSection(ExtensibilityGlobals) = postSolution
		SolutionGuid = {2074E440-4806-4F3E-906E-576435CA1569}
	EndGlobalSection
EndGlobal
